<?xml version="1.0" encoding="utf-8"?>
<Project ToolsVersion="4.0" xmlns="http://schemas.microsoft.com/developer/msbuild/2003">
  <ItemGroup>
    <Filter Include="Source Files">
      <UniqueIdentifier>{4FC737F1-C7A5-4376-A066-2A32D752A2FF}</UniqueIdentifier>
      <Extensions>cpp;c;cc;cxx;c++;cppm;ixx;def;odl;idl;hpj;bat;asm;asmx</Extensions>
    </Filter>
    <Filter Include="Header Files">
      <UniqueIdentifier>{93995380-89BD-4b04-88EB-625FBE52EBFB}</UniqueIdentifier>
      <Extensions>h;hh;hpp;hxx;h++;hm;inl;inc;ipp;xsd</Extensions>
    </Filter>
    <Filter Include="Resource Files">
      <UniqueIdentifier>{67DA6AB6-F800-4c08-8B7A-83BB121AAD01}</UniqueIdentifier>
      <Extensions>rc;ico;cur;bmp;dlg;rc2;rct;bin;rgs;gif;jpg;jpeg;jpe;resx;tiff;tif;png;wav;mfcribbon-ms</Extensions>
    </Filter>
  </ItemGroup>
  <ItemGroup>
    <ClInclude Include="..\..\winsrc\dispdev\wdspmode.h">
      <Filter>Header Files</Filter>
    </ClInclude>
    <ClInclude Include="..\..\winsrc\dispdev\wdspprov.h">
      <Filter>Header Files</Filter>
    </ClInclude>
    <ClInclude Include="..\..\winsrc\dispdev\aggddraw.h">
      <Filter>Header Files</Filter>
    </ClInclude>
    <ClInclude Include="..\..\winsrc\dispdev\cbchain.h">
      <Filter>Header Files</Filter>
    </ClInclude>
    <ClInclude Include="..\..\winsrc\dispdev\dddynf.h">
      <Filter>Header Files</Filter>
    </ClInclude>
    <ClInclude Include="..\..\winsrc\render\d3d11present.h">
      <Filter>Header Files</Filter>
    </ClInclude>
    <ClInclude Include="dispbase.h">
      <Filter>Header Files</Filter>
    </ClInclude>
    <ClInclude Include="..\..\winsrc\dispdev\wdcreate.h">
      <Filter>Header Files</Filter>
    </ClInclude>
    <ClInclude Include="..\..\winsrc\dispdev\wddmode.h">
      <Filter>Header Files</Filter>
    </ClInclude>
    <ClInclude Include="..\..\winsrc\dispdev\wdisp.h">
      <Filter>Header Files</Filter>
    </ClInclude>
    <ClInclude Include="..\..\winsrc\dispdev\wdispapi.h">
      <Filter>Header Files</Filter>
    </ClInclude>
    <ClInclude Include="..\..\winsrc\dispdev\wdispcb.h">
      <Filter>Header Files</Filter>
    </ClInclude>
    <ClInclude Include="..\..\winsrc\dispdev\wdispdd.h">
      <Filter>Header Files</Filter>
    </ClInclude>
    <ClInclude Include="..\..\winsrc\dispdev\wdispgdi.h">
      <Filter>Header Files</Filter>
    </ClInclude>
    <ClInclude Include="..\..\winsrc\dispdev\wdisptls.h">
      <Filter>Header Files</Filter>
    </ClInclude>
    <ClInclude Include="..\..\winsrc\dispdev\wdspgshl.h">
      <Filter>Header Files</Filter>
    </ClInclude>
    <ClInclude Include="..\..\winsrc\dispdev\wdspguid.h">
      <Filter>Header Files</Filter>
    </ClInclude>
  </ItemGroup>
  <ItemGroup>
    <ClCompile Include="..\..\winsrc\dispdev\wdspprov.cpp">
      <Filter>Source Files</Filter>
    </ClCompile>
    <ClCompile Include="..\..\winsrc\dispdev\aggddraw.cpp">
      <Filter>Source Files</Filter>
    </ClCompile>
    <ClCompile Include="..\..\winsrc\dispdev\cbchain.cpp">
      <Filter>Source Files</Filter>
    </ClCompile>
    <ClCompile Include="..\..\winsrc\dispdev\dddynf.cpp">
      <Filter>Source Files</Filter>
    </ClCompile>
    <ClCompile Include="..\..\winsrc\render\d3d11present.cpp">
      <Filter>Source Files</Filter>
    </ClCompile>
    <ClCompile Include="dispbase.cpp">
      <Filter>Source Files</Filter>
    </ClCompile>
    <ClCompile Include="..\..\winsrc\dispdev\wdcreate.cpp">
      <Filter>Source Files</Filter>
    </ClCompile>
    <ClCompile Include="..\..\winsrc\dispdev\wddmode.cpp">
      <Filter>Source Files</Filter>
    </ClCompile>
    <ClCompile Include="..\..\winsrc\dispdev\wdisp.cpp">
      <Filter>Source Files</Filter>
    </ClCompile>
    <ClCompile Include="..\..\winsrc\dispdev\wdispdd.cpp">
      <Filter>Source Files</Filter>
    </ClCompile>
    <ClCompile Include="..\..\winsrc\dispdev\wdispgdi.cpp">
      <Filter>Source Files</Filter>
    </ClCompile>
    <ClCompile Include="..\..\winsrc\dispdev\wdisptls.cpp">
      <Filter>Source Files</Filter>
    </ClCompile>
    <ClCompile Include="..\..\winsrc\dispdev\wdspgshl.cpp">
      <Filter>Source Files</Filter>
    </ClCompile>
    <ClCompile Include="..\..\winsrc\dispdev\wdspmode.cpp">
      <Filter>Source Files</Filter>
    </ClCompile>
  </ItemGroup>
  <ItemGroup>
    <Text Include="..\..\winsrc\dispdev\windisp.txt" />
  </ItemGroup>
</Project>
