<?xml version="1.0" encoding="utf-8"?>
<Project ToolsVersion="4.0" xmlns="http://schemas.microsoft.com/developer/msbuild/2003">
  <ItemGroup>
    <Filter Include="Source Files">
      <UniqueIdentifier>{4FC737F1-C7A5-4376-A066-2A32D752A2FF}</UniqueIdentifier>
      <Extensions>cpp;c;cc;cxx;c++;cppm;ixx;def;odl;idl;hpj;bat;asm;asmx</Extensions>
    </Filter>
    <Filter Include="Header Files">
      <UniqueIdentifier>{93995380-89BD-4b04-88EB-625FBE52EBFB}</UniqueIdentifier>
      <Extensions>h;hh;hpp;hxx;h++;hm;inl;inc;ipp;xsd</Extensions>
    </Filter>
    <Filter Include="Resource Files">
      <UniqueIdentifier>{67DA6AB6-F800-4c08-8B7A-83BB121AAD01}</UniqueIdentifier>
      <Extensions>rc;ico;cur;bmp;dlg;rc2;rct;bin;rgs;gif;jpg;jpeg;jpe;resx;tiff;tif;png;wav;mfcribbon-ms</Extensions>
    </Filter>
  </ItemGroup>
  <ItemGroup>
    <ClCompile Include="timelog.cpp">
      <Filter>Source Files</Filter>
    </ClCompile>
    <ClCompile Include="..\..\winsrc\sound\dmixer.cpp">
      <Filter>Source Files</Filter>
    </ClCompile>
    <ClCompile Include="..\..\winsrc\sound\dsample.cpp">
      <Filter>Source Files</Filter>
    </ClCompile>
    <ClCompile Include="..\..\winsrc\sound\dsound_guids.cpp">
      <Filter>Source Files</Filter>
    </ClCompile>
    <ClCompile Include="..\..\winsrc\sound\dsnddynf.cpp">
      <Filter>Source Files</Filter>
    </ClCompile>
    <ClCompile Include="fade.cpp">
      <Filter>Source Files</Filter>
    </ClCompile>
    <ClCompile Include="lgsndid.cpp">
      <Filter>Source Files</Filter>
    </ClCompile>
    <ClCompile Include="mixer.cpp">
      <Filter>Source Files</Filter>
    </ClCompile>
    <ClCompile Include="openal.cpp">
      <Filter>Source Files</Filter>
    </ClCompile>
    <ClCompile Include="..\..\winsrc\sound\openal_loader.cpp">
      <Filter>Source Files</Filter>
    </ClCompile>
    <ClCompile Include="..\..\winsrc\sound\sndplatform.cpp">
      <Filter>Source Files</Filter>
    </ClCompile>
    <ClCompile Include="sample.cpp">
      <Filter>Source Files</Filter>
    </ClCompile>
    <ClCompile Include="sndfmt.cpp">
      <Filter>Source Files</Filter>
    </ClCompile>
    <ClCompile Include="volconv.cpp">
      <Filter>Source Files</Filter>
    </ClCompile>
  </ItemGroup>
  <ItemGroup>
    <ClInclude Include="sndvoc.h">
      <Filter>Header Files</Filter>
    </ClInclude>
    <ClInclude Include="timelog.h">
      <Filter>Header Files</Filter>
    </ClInclude>
    <ClInclude Include="volconv.h">
      <Filter>Header Files</Filter>
    </ClInclude>
    <ClInclude Include="..\..\winsrc\sound\dlgsndi.h">
      <Filter>Header Files</Filter>
    </ClInclude>
    <ClInclude Include="..\..\winsrc\sound\dsnddynf.h">
      <Filter>Header Files</Filter>
    </ClInclude>
    <ClInclude Include="lgsndi.h">
      <Filter>Header Files</Filter>
    </ClInclude>
    <ClInclude Include="algsndi.h">
      <Filter>Header Files</Filter>
    </ClInclude>
    <ClInclude Include="openal_api.h">
      <Filter>Header Files</Filter>
    </ClInclude>
    <ClInclude Include="lgsndid.h">
      <Filter>Header Files</Filter>
    </ClInclude>
    <ClInclude Include="lgsound.h">
      <Filter>Header Files</Filter>
    </ClInclude>
    <ClInclude Include="mixerlck.h">
      <Filter>Header Files</Filter>
    </ClInclude>
    <ClInclude Include="sndfmt.h">
      <Filter>Header Files</Filter>
    </ClInclude>
    <ClInclude Include="sndplatform.h">
      <Filter>Header Files</Filter>
    </ClInclude>
  </ItemGroup>
</Project>
